#MicroXplorer Configuration settings - do not modify
Mcu.Family=STM32F1
PB5.GPIO_ModeDefaultOutputPP=GPIO_MODE_OUTPUT_PP
ProjectManager.MainLocation=Core/Src
PCC.Seq0.Step0.Category=In DS Table
Dma.USART1_TX.1.Instance=DMA1_Channel4
RCC.MCOFreq_Value=8000000
PCC.Series=STM32F1
ProjectManager.ProjectFileName=BUS-HARD-CUBE.ioc
NVIC.DMA1_Channel5_IRQn=true\:0\:0\:false\:false\:true\:false\:true
Dma.USART1_RX.0.PeriphDataAlignment=DMA_PDATAALIGN_BYTE
ProjectManager.KeepUserCode=true
PA10.Mode=Asynchronous
Mcu.UserName=STM32F103ZETx
Mcu.PinsNb=9
PCC.Seq0.Step0.Average_Current=3.1 mA
PCC.Vdd=3.3
Dma.USART1_TX.1.MemInc=DMA_MINC_ENABLE
ProjectManager.NoMain=false
PCC.Seq0.Step0.CPU_Frequency=4 MHz
Dma.USART1_TX.1.RequestParameters=Instance,Direction,PeriphInc,MemInc,PeriphDataAlignment,MemDataAlignment,Mode,Priority
PCC.Seq0.Step0.User's_Consumption=0 mA
RCC.PLLCLKFreq_Value=8000000
ProjectManager.functionlistsort=1-MX_GPIO_Init-GPIO-false-HAL-true,2-MX_DMA_Init-DMA-false-HAL-true,3-SystemClock_Config-RCC-false-HAL-false,4-MX_USART1_UART_Init-USART1-false-HAL-true
RCC.ADCFreqValue=2000000
ProjectManager.DefaultFWLocation=true
ProjectManager.DeletePrevious=true
PCC.Line=STM32F103
USART1.IPParameters=VirtualMode,Mode
PCC.Seq0.Step1.Duration=0 ms
RCC.APB1CLKDivider=RCC_HCLK_DIV2
PinOutPanel.RotationAngle=0
RCC.FamilyName=M
RCC.I2S3Freq_Value=8000000
PE5.GPIOParameters=GPIO_Speed,GPIO_PuPd,GPIO_Label
ProjectManager.StackSize=0x400
PB5.GPIOParameters=GPIO_Speed,GPIO_PuPd,GPIO_Label,GPIO_ModeDefaultOutputPP
PA13.Signal=SYS_JTMS-SWDIO
Mcu.IP4=USART1
RCC.FCLKCortexFreq_Value=4000000
NVIC.SVCall_IRQn=true\:0\:0\:false\:false\:true\:false\:false
Mcu.IP2=RCC
PCC.Seq0.Step1.Oscillator=Regulator_LP
RCC.SDIOHCLKDiv2FreqValue=2000000
Mcu.IP3=SYS
PCC.Seq0.Step0.TaMax=104.69
Mcu.IP0=DMA
PCC.MCU=STM32F103Z(C-D-E)Tx
PA9.Mode=Asynchronous
Mcu.IP1=NVIC
PCC.PartNumber=STM32F103ZETx
Mcu.UserConstants=
PE5.GPIO_PuPd=GPIO_PULLDOWN
ProjectManager.TargetToolchain=STM32CubeIDE
PCC.Seq0.Step1.User's_Consumption=0 mA
Mcu.ThirdPartyNb=0
RCC.SDIOFreq_Value=4000000
PCC.Seq0.Step0.Mode=RUN
Dma.USART1_RX.0.Direction=DMA_PERIPH_TO_MEMORY
RCC.HCLKFreq_Value=4000000
Mcu.IPNb=5
ProjectManager.PreviousToolchain=
RCC.APB2TimFreq_Value=4000000
PA9.Signal=USART1_TX
PCC.Seq0.Step1.TaMax=105
PB5.Locked=true
Mcu.Pin6=PA14
Mcu.Pin7=PB5
ProjectManager.RegisterCallBack=
OSC_IN.Signal=RCC_OSC_IN
PE5.Signal=GPIO_Output
Mcu.Pin8=VP_SYS_VS_Systick
RCC.USBFreq_Value=8000000
OSC_OUT.Mode=HSE-External-Oscillator
PCC.Seq0.Step1.Category=In DS Table
OSC_OUT.Signal=RCC_OSC_OUT
RCC.AHBFreq_Value=4000000
Dma.USART1_RX.0.PeriphInc=DMA_PINC_DISABLE
Dma.USART1_RX.0.Priority=DMA_PRIORITY_HIGH
Mcu.Pin0=PE5
Mcu.Pin1=OSC_IN
GPIO.groupedBy=Group By Peripherals
Mcu.Pin2=OSC_OUT
Mcu.Pin3=PA9
Mcu.Pin4=PA10
Mcu.Pin5=PA13
ProjectManager.ProjectBuild=false
NVIC.UsageFault_IRQn=true\:0\:0\:false\:false\:true\:false\:false
NVIC.DebugMonitor_IRQn=true\:0\:0\:false\:false\:true\:false\:false
PCC.Seq0.Step1.Vdd=3.3
Dma.USART1_TX.1.MemDataAlignment=DMA_MDATAALIGN_BYTE
board=custom
PCC.Seq0.Step0.Voltage_Source=Battery
PCC.Temperature=25
PCC.Seq0.Step0.DMIPS=5.0
NVIC.SysTick_IRQn=true\:1\:0\:true\:false\:true\:false\:true
ProjectManager.LastFirmware=true
RCC.VCOOutput2Freq_Value=4000000
ProjectManager.FirmwarePackage=STM32Cube FW_F1 V1.8.3
MxDb.Version=DB.6.0.21
RCC.APB2Freq_Value=4000000
PCC.Seq0.Step0.Frequency=8 MHz
ProjectManager.BackupPrevious=false
PCC.Seq0.Step0.Vcore=No Scale
MxCube.Version=6.2.1
USART1.Mode=MODE_TX_RX
PA14.Mode=Serial_Wire
File.Version=6
VP_SYS_VS_Systick.Mode=SysTick
Dma.USART1_RX.0.MemDataAlignment=DMA_MDATAALIGN_BYTE
NVIC.NonMaskableInt_IRQn=true\:0\:0\:false\:false\:true\:false\:false
RCC.AHBCLKDivider=RCC_SYSCLK_DIV2
PE5.Locked=true
NVIC.PendSV_IRQn=true\:0\:0\:false\:false\:true\:false\:false
Dma.USART1_RX.0.MemInc=DMA_MINC_ENABLE
PA13.Mode=Serial_Wire
ProjectManager.FreePins=false
RCC.IPParameters=ADCFreqValue,AHBCLKDivider,AHBFreq_Value,APB1CLKDivider,APB1Freq_Value,APB1TimFreq_Value,APB2Freq_Value,APB2TimFreq_Value,FCLKCortexFreq_Value,FSMCFreq_Value,FamilyName,HCLKFreq_Value,I2S2Freq_Value,I2S3Freq_Value,MCOFreq_Value,PLLCLKFreq_Value,PLLMCOFreq_Value,SDIOFreq_Value,SDIOHCLKDiv2FreqValue,SYSCLKFreq_VALUE,TimSysFreq_Value,USBFreq_Value,VCOOutput2Freq_Value
ProjectManager.AskForMigrate=true
Mcu.Name=STM32F103Z(C-D-E)Tx
Dma.RequestsNb=2
ProjectManager.HalAssertFull=false
Dma.USART1_TX.1.PeriphDataAlignment=DMA_PDATAALIGN_BYTE
ProjectManager.ProjectName=BUS-HARD-CUBE
ProjectManager.UnderRoot=true
RCC.FSMCFreq_Value=4000000
RCC.PLLMCOFreq_Value=4000000
ProjectManager.CoupleFile=false
PCC.Seq0.Step0.Memory=FLASH
PCC.Seq0.Step0.Oscillator=HSE
RCC.SYSCLKFreq_VALUE=8000000
Mcu.Package=LQFP144
PB5.Signal=GPIO_Output
RCC.TimSysFreq_Value=4000000
RCC.I2S2Freq_Value=8000000
NVIC.ForceEnableDMAVector=true
KeepUserPlacement=false
OSC_IN.Mode=HSE-External-Oscillator
PB5.GPIO_PuPd=GPIO_PULLDOWN
Dma.USART1_TX.1.Mode=DMA_NORMAL
NVIC.MemoryManagement_IRQn=true\:0\:0\:false\:false\:true\:false\:false
PE5.GPIO_Label=LED1
USART1.VirtualMode=VM_ASYNC
ProjectManager.CompilerOptimize=6
ProjectManager.ToolChainLocation=
PCC.Seq0.Step1.Average_Current=25 \u00B5A
VP_SYS_VS_Systick.Signal=SYS_VS_Systick
Dma.USART1_RX.0.RequestParameters=Instance,Direction,PeriphInc,MemInc,PeriphDataAlignment,MemDataAlignment,Mode,Priority
PA10.Signal=USART1_RX
PA14.Signal=SYS_JTCK-SWCLK
ProjectManager.HeapSize=0x200
Dma.USART1_TX.1.PeriphInc=DMA_PINC_DISABLE
NVIC.HardFault_IRQn=true\:0\:0\:false\:false\:true\:false\:false
PCC.Checker=false
ProjectManager.ComputerToolchain=false
PCC.Seq0.Step1.Frequency=0 Hz
PCC.Seq0.Step0.Duration=2 ms
PB5.GPIO_Speed=GPIO_SPEED_FREQ_LOW
NVIC.PriorityGroup=NVIC_PRIORITYGROUP_2
PCC.Seq0.Step1.DMIPS=0.0
PB5.GPIO_Label=LED0
PE5.GPIO_Speed=GPIO_SPEED_FREQ_LOW
Dma.Request1=USART1_TX
RCC.APB1TimFreq_Value=4000000
PCC.Seq0.Step1.Peripherals=
NVIC.BusFault_IRQn=true\:0\:0\:false\:false\:true\:false\:false
Dma.USART1_RX.0.Mode=DMA_NORMAL
Dma.USART1_TX.1.Priority=DMA_PRIORITY_MEDIUM
PCC.Seq0.Step1.Vcore=No Scale
PCC.Seq0.Step0.Peripherals=
PCC.Seq0.Step1.Voltage_Source=Battery
NVIC.DMA1_Channel4_IRQn=true\:0\:1\:false\:false\:true\:false\:true
PCC.Seq0.Step0.Vdd=3.3
NVIC.USART1_IRQn=true\:0\:0\:false\:false\:true\:true\:true
PCC.Seq0=2
Dma.Request0=USART1_RX
RCC.APB1Freq_Value=2000000
PCC.Seq0.Step1.Mode=STOP
Dma.USART1_RX.0.Instance=DMA1_Channel5
ProjectManager.CustomerFirmwarePackage=
ProjectManager.DeviceId=STM32F103ZETx
NVIC.RCC_IRQn=true\:0\:0\:false\:false\:true\:true\:false
ProjectManager.LibraryCopy=1
PCC.Seq0.Step1.CPU_Frequency=0 Hz
PCC.Seq0.Step1.Memory=n/a
Dma.USART1_TX.1.Direction=DMA_MEMORY_TO_PERIPH
isbadioc=false
